// !$*UTF8*$!
{
	archiveVersion = 1;
	classes = {
	};
	objectVersion = 56;
	objects = {

/* Begin PBXBuildFile section */
		4012DA4C2BF2898E00532FB8 /* Learning_ChartsApp.swift in Sources */ = {isa = PBXBuildFile; fileRef = 4012DA4B2BF2898E00532FB8 /* Learning_ChartsApp.swift */; };
		4012DA4E2BF2898E00532FB8 /* DashboardView.swift in Sources */ = {isa = PBXBuildFile; fileRef = 4012DA4D2BF2898E00532FB8 /* DashboardView.swift */; };
		4012DA502BF2898F00532FB8 /* Assets.xcassets in Resources */ = {isa = PBXBuildFile; fileRef = 4012DA4F2BF2898F00532FB8 /* Assets.xcassets */; };
		4012DA532BF2898F00532FB8 /* Preview Assets.xcassets in Resources */ = {isa = PBXBuildFile; fileRef = 4012DA522BF2898F00532FB8 /* Preview Assets.xcassets */; };
		4012DA5A2BF29B8600532FB8 /* HealthDataListView.swift in Sources */ = {isa = PBXBuildFile; fileRef = 4012DA592BF29B8600532FB8 /* HealthDataListView.swift */; };
		403440C22BF52EE300E9F897 /* HealthKitPermissionView.swift in Sources */ = {isa = PBXBuildFile; fileRef = 403440C12BF52EE300E9F897 /* HealthKitPermissionView.swift */; };
		403440C62BF534E700E9F897 /* HealthKitManager.swift in Sources */ = {isa = PBXBuildFile; fileRef = 403440C52BF534E700E9F897 /* HealthKitManager.swift */; };
		403440C82BF53F8200E9F897 /* Learning-Charts-Info.plist in Resources */ = {isa = PBXBuildFile; fileRef = 403440C72BF53F8200E9F897 /* Learning-Charts-Info.plist */; };
		40374DA72BFF8294002E07AD /* HealthMetric.swift in Sources */ = {isa = PBXBuildFile; fileRef = 40374DA62BFF8294002E07AD /* HealthMetric.swift */; };
		405CC9C52BFFCD3A00406120 /* StepBarChart.swift in Sources */ = {isa = PBXBuildFile; fileRef = 405CC9C42BFFCD3A00406120 /* StepBarChart.swift */; };
		40630C602C00D4F90052BBB9 /* ChartMath.swift in Sources */ = {isa = PBXBuildFile; fileRef = 40630C5F2C00D4F90052BBB9 /* ChartMath.swift */; };
		40630C622C00D5740052BBB9 /* ChartDataTypes.swift in Sources */ = {isa = PBXBuildFile; fileRef = 40630C612C00D5740052BBB9 /* ChartDataTypes.swift */; };
		40630C652C00D63C0052BBB9 /* Date+Extension.swift in Sources */ = {isa = PBXBuildFile; fileRef = 40630C642C00D63C0052BBB9 /* Date+Extension.swift */; };
		40630C682C00D98B0052BBB9 /* Algorithms in Frameworks */ = {isa = PBXBuildFile; productRef = 40630C672C00D98B0052BBB9 /* Algorithms */; };
/* End PBXBuildFile section */

/* Begin PBXFileReference section */
		4012DA482BF2898E00532FB8 /* Learning Charts.app */ = {isa = PBXFileReference; explicitFileType = wrapper.application; includeInIndex = 0; path = "Learning Charts.app"; sourceTree = BUILT_PRODUCTS_DIR; };
		4012DA4B2BF2898E00532FB8 /* Learning_ChartsApp.swift */ = {isa = PBXFileReference; lastKnownFileType = sourcecode.swift; path = Learning_ChartsApp.swift; sourceTree = "<group>"; };
		4012DA4D2BF2898E00532FB8 /* DashboardView.swift */ = {isa = PBXFileReference; lastKnownFileType = sourcecode.swift; path = DashboardView.swift; sourceTree = "<group>"; };
		4012DA4F2BF2898F00532FB8 /* Assets.xcassets */ = {isa = PBXFileReference; lastKnownFileType = folder.assetcatalog; path = Assets.xcassets; sourceTree = "<group>"; };
		4012DA522BF2898F00532FB8 /* Preview Assets.xcassets */ = {isa = PBXFileReference; lastKnownFileType = folder.assetcatalog; path = "Preview Assets.xcassets"; sourceTree = "<group>"; };
		4012DA592BF29B8600532FB8 /* HealthDataListView.swift */ = {isa = PBXFileReference; lastKnownFileType = sourcecode.swift; path = HealthDataListView.swift; sourceTree = "<group>"; };
		403440C12BF52EE300E9F897 /* HealthKitPermissionView.swift */ = {isa = PBXFileReference; lastKnownFileType = sourcecode.swift; path = HealthKitPermissionView.swift; sourceTree = "<group>"; };
		403440C32BF5331200E9F897 /* Learning Charts.entitlements */ = {isa = PBXFileReference; lastKnownFileType = text.plist.entitlements; path = "Learning Charts.entitlements"; sourceTree = "<group>"; };
		403440C52BF534E700E9F897 /* HealthKitManager.swift */ = {isa = PBXFileReference; lastKnownFileType = sourcecode.swift; path = HealthKitManager.swift; sourceTree = "<group>"; };
		403440C72BF53F8200E9F897 /* Learning-Charts-Info.plist */ = {isa = PBXFileReference; fileEncoding = 4; lastKnownFileType = text.plist.xml; path = "Learning-Charts-Info.plist"; sourceTree = "<group>"; };
		40374DA62BFF8294002E07AD /* HealthMetric.swift */ = {isa = PBXFileReference; lastKnownFileType = sourcecode.swift; path = HealthMetric.swift; sourceTree = "<group>"; };
		405CC9C42BFFCD3A00406120 /* StepBarChart.swift */ = {isa = PBXFileReference; lastKnownFileType = sourcecode.swift; path = StepBarChart.swift; sourceTree = "<group>"; };
		40630C5F2C00D4F90052BBB9 /* ChartMath.swift */ = {isa = PBXFileReference; lastKnownFileType = sourcecode.swift; path = ChartMath.swift; sourceTree = "<group>"; };
		40630C612C00D5740052BBB9 /* ChartDataTypes.swift */ = {isa = PBXFileReference; lastKnownFileType = sourcecode.swift; path = ChartDataTypes.swift; sourceTree = "<group>"; };
		40630C642C00D63C0052BBB9 /* Date+Extension.swift */ = {isa = PBXFileReference; lastKnownFileType = sourcecode.swift; path = "Date+Extension.swift"; sourceTree = "<group>"; };
/* End PBXFileReference section */

/* Begin PBXFrameworksBuildPhase section */
		4012DA452BF2898E00532FB8 /* Frameworks */ = {
			isa = PBXFrameworksBuildPhase;
			buildActionMask = 2147483647;
			files = (
				40630C682C00D98B0052BBB9 /* Algorithms in Frameworks */,
			);
			runOnlyForDeploymentPostprocessing = 0;
		};
/* End PBXFrameworksBuildPhase section */

/* Begin PBXGroup section */
		4012DA3F2BF2898E00532FB8 = {
			isa = PBXGroup;
			children = (
				4012DA4A2BF2898E00532FB8 /* Learning Charts */,
				4012DA492BF2898E00532FB8 /* Products */,
			);
			sourceTree = "<group>";
		};
		4012DA492BF2898E00532FB8 /* Products */ = {
			isa = PBXGroup;
			children = (
				4012DA482BF2898E00532FB8 /* Learning Charts.app */,
			);
			name = Products;
			sourceTree = "<group>";
		};
		4012DA4A2BF2898E00532FB8 /* Learning Charts */ = {
			isa = PBXGroup;
			children = (
				403440C32BF5331200E9F897 /* Learning Charts.entitlements */,
				405CC9C62BFFD22700406120 /* Application */,
				405CC9CF2BFFD31B00406120 /* HealthKitPermission */,
				405CC9C82BFFD24D00406120 /* Dashboard */,
				405CC9CC2BFFD2C400406120 /* Charts */,
				405CC9CD2BFFD2F400406120 /* HealthData */,
				405CC9C72BFFD23500406120 /* Resources */,
				40630C632C00D6260052BBB9 /* Extensions */,
				4012DA512BF2898F00532FB8 /* Preview Content */,
			);
			path = "Learning Charts";
			sourceTree = "<group>";
		};
		4012DA512BF2898F00532FB8 /* Preview Content */ = {
			isa = PBXGroup;
			children = (
				4012DA522BF2898F00532FB8 /* Preview Assets.xcassets */,
			);
			path = "Preview Content";
			sourceTree = "<group>";
		};
		405CC9C62BFFD22700406120 /* Application */ = {
			isa = PBXGroup;
			children = (
				4012DA4B2BF2898E00532FB8 /* Learning_ChartsApp.swift */,
			);
			path = Application;
			sourceTree = "<group>";
		};
		405CC9C72BFFD23500406120 /* Resources */ = {
			isa = PBXGroup;
			children = (
				403440C72BF53F8200E9F897 /* Learning-Charts-Info.plist */,
				4012DA4F2BF2898F00532FB8 /* Assets.xcassets */,
			);
			path = Resources;
			sourceTree = "<group>";
		};
		405CC9C82BFFD24D00406120 /* Dashboard */ = {
			isa = PBXGroup;
			children = (
				405CC9C92BFFD25900406120 /* Model */,
				405CC9CA2BFFD25C00406120 /* View */,
				405CC9CB2BFFD26000406120 /* ViewModel */,
			);
			path = Dashboard;
			sourceTree = "<group>";
		};
		405CC9C92BFFD25900406120 /* Model */ = {
			isa = PBXGroup;
			children = (
				40374DA62BFF8294002E07AD /* HealthMetric.swift */,
			);
			path = Model;
			sourceTree = "<group>";
		};
		405CC9CA2BFFD25C00406120 /* View */ = {
			isa = PBXGroup;
			children = (
				4012DA4D2BF2898E00532FB8 /* DashboardView.swift */,
			);
			path = View;
			sourceTree = "<group>";
		};
		405CC9CB2BFFD26000406120 /* ViewModel */ = {
			isa = PBXGroup;
			children = (
				403440C52BF534E700E9F897 /* HealthKitManager.swift */,
			);
			path = ViewModel;
			sourceTree = "<group>";
		};
		405CC9CC2BFFD2C400406120 /* Charts */ = {
			isa = PBXGroup;
			children = (
				405CC9C42BFFCD3A00406120 /* StepBarChart.swift */,
				40630C5F2C00D4F90052BBB9 /* ChartMath.swift */,
				40630C612C00D5740052BBB9 /* ChartDataTypes.swift */,
			);
			path = Charts;
			sourceTree = "<group>";
		};
		405CC9CD2BFFD2F400406120 /* HealthData */ = {
			isa = PBXGroup;
			children = (
				405CC9CE2BFFD2F900406120 /* View */,
			);
			path = HealthData;
			sourceTree = "<group>";
		};
		405CC9CE2BFFD2F900406120 /* View */ = {
			isa = PBXGroup;
			children = (
				4012DA592BF29B8600532FB8 /* HealthDataListView.swift */,
			);
			path = View;
			sourceTree = "<group>";
		};
		405CC9CF2BFFD31B00406120 /* HealthKitPermission */ = {
			isa = PBXGroup;
			children = (
				403440C12BF52EE300E9F897 /* HealthKitPermissionView.swift */,
			);
			path = HealthKitPermission;
			sourceTree = "<group>";
		};
		40630C632C00D6260052BBB9 /* Extensions */ = {
			isa = PBXGroup;
			children = (
				40630C642C00D63C0052BBB9 /* Date+Extension.swift */,
			);
			path = Extensions;
			sourceTree = "<group>";
		};
/* End PBXGroup section */

/* Begin PBXNativeTarget section */
		4012DA472BF2898E00532FB8 /* Learning Charts */ = {
			isa = PBXNativeTarget;
			buildConfigurationList = 4012DA562BF2898F00532FB8 /* Build configuration list for PBXNativeTarget "Learning Charts" */;
			buildPhases = (
				4012DA442BF2898E00532FB8 /* Sources */,
				4012DA452BF2898E00532FB8 /* Frameworks */,
				4012DA462BF2898E00532FB8 /* Resources */,
			);
			buildRules = (
			);
			dependencies = (
			);
			name = "Learning Charts";
			packageProductDependencies = (
				40630C672C00D98B0052BBB9 /* Algorithms */,
			);
			productName = "Learning Charts";
			productReference = 4012DA482BF2898E00532FB8 /* Learning Charts.app */;
			productType = "com.apple.product-type.application";
		};
/* End PBXNativeTarget section */

/* Begin PBXProject section */
		4012DA402BF2898E00532FB8 /* Project object */ = {
			isa = PBXProject;
			attributes = {
				BuildIndependentTargetsInParallel = 1;
				LastSwiftUpdateCheck = 1530;
				LastUpgradeCheck = 1530;
				TargetAttributes = {
					4012DA472BF2898E00532FB8 = {
						CreatedOnToolsVersion = 15.3;
					};
				};
			};
			buildConfigurationList = 4012DA432BF2898E00532FB8 /* Build configuration list for PBXProject "Learning Charts" */;
			compatibilityVersion = "Xcode 14.0";
			developmentRegion = en;
			hasScannedForEncodings = 0;
			knownRegions = (
				en,
				Base,
			);
			mainGroup = 4012DA3F2BF2898E00532FB8;
			packageReferences = (
				40630C662C00D98B0052BBB9 /* XCRemoteSwiftPackageReference "swift-algorithms" */,
			);
			productRefGroup = 4012DA492BF2898E00532FB8 /* Products */;
			projectDirPath = "";
			projectRoot = "";
			targets = (
				4012DA472BF2898E00532FB8 /* Learning Charts */,
			);
		};
/* End PBXProject section */

/* Begin PBXResourcesBuildPhase section */
		4012DA462BF2898E00532FB8 /* Resources */ = {
			isa = PBXResourcesBuildPhase;
			buildActionMask = 2147483647;
			files = (
				4012DA532BF2898F00532FB8 /* Preview Assets.xcassets in Resources */,
				4012DA502BF2898F00532FB8 /* Assets.xcassets in Resources */,
				403440C82BF53F8200E9F897 /* Learning-Charts-Info.plist in Resources */,
			);
			runOnlyForDeploymentPostprocessing = 0;
		};
/* End PBXResourcesBuildPhase section */

/* Begin PBXSourcesBuildPhase section */
		4012DA442BF2898E00532FB8 /* Sources */ = {
			isa = PBXSourcesBuildPhase;
			buildActionMask = 2147483647;
			files = (
				4012DA5A2BF29B8600532FB8 /* HealthDataListView.swift in Sources */,
				4012DA4E2BF2898E00532FB8 /* DashboardView.swift in Sources */,
				405CC9C52BFFCD3A00406120 /* StepBarChart.swift in Sources */,
				403440C22BF52EE300E9F897 /* HealthKitPermissionView.swift in Sources */,
				403440C62BF534E700E9F897 /* HealthKitManager.swift in Sources */,
				40630C652C00D63C0052BBB9 /* Date+Extension.swift in Sources */,
				4012DA4C2BF2898E00532FB8 /* Learning_ChartsApp.swift in Sources */,
				40630C602C00D4F90052BBB9 /* ChartMath.swift in Sources */,
				40374DA72BFF8294002E07AD /* HealthMetric.swift in Sources */,
				40630C622C00D5740052BBB9 /* ChartDataTypes.swift in Sources */,
			);
			runOnlyForDeploymentPostprocessing = 0;
		};
/* End PBXSourcesBuildPhase section */

/* Begin XCBuildConfiguration section */
		4012DA542BF2898F00532FB8 /* Debug */ = {
			isa = XCBuildConfiguration;
			buildSettings = {
				ALWAYS_SEARCH_USER_PATHS = NO;
				ASSETCATALOG_COMPILER_GENERATE_SWIFT_ASSET_SYMBOL_EXTENSIONS = YES;
				CLANG_ANALYZER_NONNULL = YES;
				CLANG_ANALYZER_NUMBER_OBJECT_CONVERSION = YES_AGGRESSIVE;
				CLANG_CXX_LANGUAGE_STANDARD = "gnu++20";
				CLANG_ENABLE_MODULES = YES;
				CLANG_ENABLE_OBJC_ARC = YES;
				CLANG_ENABLE_OBJC_WEAK = YES;
				CLANG_WARN_BLOCK_CAPTURE_AUTORELEASING = YES;
				CLANG_WARN_BOOL_CONVERSION = YES;
				CLANG_WARN_COMMA = YES;
				CLANG_WARN_CONSTANT_CONVERSION = YES;
				CLANG_WARN_DEPRECATED_OBJC_IMPLEMENTATIONS = YES;
				CLANG_WARN_DIRECT_OBJC_ISA_USAGE = YES_ERROR;
				CLANG_WARN_DOCUMENTATION_COMMENTS = YES;
				CLANG_WARN_EMPTY_BODY = YES;
				CLANG_WARN_ENUM_CONVERSION = YES;
				CLANG_WARN_INFINITE_RECURSION = YES;
				CLANG_WARN_INT_CONVERSION = YES;
				CLANG_WARN_NON_LITERAL_NULL_CONVERSION = YES;
				CLANG_WARN_OBJC_IMPLICIT_RETAIN_SELF = YES;
				CLANG_WARN_OBJC_LITERAL_CONVERSION = YES;
				CLANG_WARN_OBJC_ROOT_CLASS = YES_ERROR;
				CLANG_WARN_QUOTED_INCLUDE_IN_FRAMEWORK_HEADER = YES;
				CLANG_WARN_RANGE_LOOP_ANALYSIS = YES;
				CLANG_WARN_STRICT_PROTOTYPES = YES;
				CLANG_WARN_SUSPICIOUS_MOVE = YES;
				CLANG_WARN_UNGUARDED_AVAILABILITY = YES_AGGRESSIVE;
				CLANG_WARN_UNREACHABLE_CODE = YES;
				CLANG_WARN__DUPLICATE_METHOD_MATCH = YES;
				COPY_PHASE_STRIP = NO;
				DEBUG_INFORMATION_FORMAT = dwarf;
				ENABLE_STRICT_OBJC_MSGSEND = YES;
				ENABLE_TESTABILITY = YES;
				ENABLE_USER_SCRIPT_SANDBOXING = YES;
				GCC_C_LANGUAGE_STANDARD = gnu17;
				GCC_DYNAMIC_NO_PIC = NO;
				GCC_NO_COMMON_BLOCKS = YES;
				GCC_OPTIMIZATION_LEVEL = 0;
				GCC_PREPROCESSOR_DEFINITIONS = (
					"DEBUG=1",
					"$(inherited)",
				);
				GCC_WARN_64_TO_32_BIT_CONVERSION = YES;
				GCC_WARN_ABOUT_RETURN_TYPE = YES_ERROR;
				GCC_WARN_UNDECLARED_SELECTOR = YES;
				GCC_WARN_UNINITIALIZED_AUTOS = YES_AGGRESSIVE;
				GCC_WARN_UNUSED_FUNCTION = YES;
				GCC_WARN_UNUSED_VARIABLE = YES;
				IPHONEOS_DEPLOYMENT_TARGET = 17.4;
				LOCALIZATION_PREFERS_STRING_CATALOGS = YES;
				MTL_ENABLE_DEBUG_INFO = INCLUDE_SOURCE;
				MTL_FAST_MATH = YES;
				ONLY_ACTIVE_ARCH = YES;
				SDKROOT = iphoneos;
				SWIFT_ACTIVE_COMPILATION_CONDITIONS = "DEBUG $(inherited)";
				SWIFT_OPTIMIZATION_LEVEL = "-Onone";
			};
			name = Debug;
		};
		4012DA552BF2898F00532FB8 /* Release */ = {
			isa = XCBuildConfiguration;
			buildSettings = {
				ALWAYS_SEARCH_USER_PATHS = NO;
				ASSETCATALOG_COMPILER_GENERATE_SWIFT_ASSET_SYMBOL_EXTENSIONS = YES;
				CLANG_ANALYZER_NONNULL = YES;
				CLANG_ANALYZER_NUMBER_OBJECT_CONVERSION = YES_AGGRESSIVE;
				CLANG_CXX_LANGUAGE_STANDARD = "gnu++20";
				CLANG_ENABLE_MODULES = YES;
				CLANG_ENABLE_OBJC_ARC = YES;
				CLANG_ENABLE_OBJC_WEAK = YES;
				CLANG_WARN_BLOCK_CAPTURE_AUTORELEASING = YES;
				CLANG_WARN_BOOL_CONVERSION = YES;
				CLANG_WARN_COMMA = YES;
				CLANG_WARN_CONSTANT_CONVERSION = YES;
				CLANG_WARN_DEPRECATED_OBJC_IMPLEMENTATIONS = YES;
				CLANG_WARN_DIRECT_OBJC_ISA_USAGE = YES_ERROR;
				CLANG_WARN_DOCUMENTATION_COMMENTS = YES;
				CLANG_WARN_EMPTY_BODY = YES;
				CLANG_WARN_ENUM_CONVERSION = YES;
				CLANG_WARN_INFINITE_RECURSION = YES;
				CLANG_WARN_INT_CONVERSION = YES;
				CLANG_WARN_NON_LITERAL_NULL_CONVERSION = YES;
				CLANG_WARN_OBJC_IMPLICIT_RETAIN_SELF = YES;
				CLANG_WARN_OBJC_LITERAL_CONVERSION = YES;
				CLANG_WARN_OBJC_ROOT_CLASS = YES_ERROR;
				CLANG_WARN_QUOTED_INCLUDE_IN_FRAMEWORK_HEADER = YES;
				CLANG_WARN_RANGE_LOOP_ANALYSIS = YES;
				CLANG_WARN_STRICT_PROTOTYPES = YES;
				CLANG_WARN_SUSPICIOUS_MOVE = YES;
				CLANG_WARN_UNGUARDED_AVAILABILITY = YES_AGGRESSIVE;
				CLANG_WARN_UNREACHABLE_CODE = YES;
				CLANG_WARN__DUPLICATE_METHOD_MATCH = YES;
				COPY_PHASE_STRIP = NO;
				DEBUG_INFORMATION_FORMAT = "dwarf-with-dsym";
				ENABLE_NS_ASSERTIONS = NO;
				ENABLE_STRICT_OBJC_MSGSEND = YES;
				ENABLE_USER_SCRIPT_SANDBOXING = YES;
				GCC_C_LANGUAGE_STANDARD = gnu17;
				GCC_NO_COMMON_BLOCKS = YES;
				GCC_WARN_64_TO_32_BIT_CONVERSION = YES;
				GCC_WARN_ABOUT_RETURN_TYPE = YES_ERROR;
				GCC_WARN_UNDECLARED_SELECTOR = YES;
				GCC_WARN_UNINITIALIZED_AUTOS = YES_AGGRESSIVE;
				GCC_WARN_UNUSED_FUNCTION = YES;
				GCC_WARN_UNUSED_VARIABLE = YES;
				IPHONEOS_DEPLOYMENT_TARGET = 17.4;
				LOCALIZATION_PREFERS_STRING_CATALOGS = YES;
				MTL_ENABLE_DEBUG_INFO = NO;
				MTL_FAST_MATH = YES;
				SDKROOT = iphoneos;
				SWIFT_COMPILATION_MODE = wholemodule;
				VALIDATE_PRODUCT = YES;
			};
			name = Release;
		};
		4012DA572BF2898F00532FB8 /* Debug */ = {
			isa = XCBuildConfiguration;
			buildSettings = {
				ASSETCATALOG_COMPILER_APPICON_NAME = AppIcon;
				ASSETCATALOG_COMPILER_GLOBAL_ACCENT_COLOR_NAME = AccentColor;
				CODE_SIGN_ENTITLEMENTS = "Learning Charts/Learning Charts.entitlements";
				CODE_SIGN_STYLE = Automatic;
				CURRENT_PROJECT_VERSION = 1;
				DEVELOPMENT_ASSET_PATHS = "\"Learning Charts/Preview Content\"";
				ENABLE_PREVIEWS = YES;
				GENERATE_INFOPLIST_FILE = YES;
				INFOPLIST_FILE = "Learning Charts/Resources/Learning-Charts-Info.plist";
				INFOPLIST_KEY_NSHealthShareUsageDescription = "The apps shows your step and weight data in interactive chart";
				INFOPLIST_KEY_NSHealthUpdateUsageDescription = "The apps allows you to add step and weight data to Apple Health";
				INFOPLIST_KEY_UIApplicationSceneManifest_Generation = YES;
				INFOPLIST_KEY_UIApplicationSupportsIndirectInputEvents = YES;
				INFOPLIST_KEY_UILaunchScreen_Generation = YES;
				INFOPLIST_KEY_UISupportedInterfaceOrientations_iPad = "UIInterfaceOrientationPortrait UIInterfaceOrientationPortraitUpsideDown UIInterfaceOrientationLandscapeLeft UIInterfaceOrientationLandscapeRight";
				INFOPLIST_KEY_UISupportedInterfaceOrientations_iPhone = "UIInterfaceOrientationPortrait UIInterfaceOrientationLandscapeLeft UIInterfaceOrientationLandscapeRight";
				LD_RUNPATH_SEARCH_PATHS = (
					"$(inherited)",
					"@executable_path/Frameworks",
				);
				MARKETING_VERSION = 1.0;
				PRODUCT_BUNDLE_IDENTIFIER = "com.fullzoom.Learning-Charts";
				PRODUCT_NAME = "$(TARGET_NAME)";
				SWIFT_EMIT_LOC_STRINGS = YES;
				SWIFT_VERSION = 5.0;
				TARGETED_DEVICE_FAMILY = "1,2";
			};
			name = Debug;
		};
		4012DA582BF2898F00532FB8 /* Release */ = {
			isa = XCBuildConfiguration;
			buildSettings = {
				ASSETCATALOG_COMPILER_APPICON_NAME = AppIcon;
				ASSETCATALOG_COMPILER_GLOBAL_ACCENT_COLOR_NAME = AccentColor;
				CODE_SIGN_ENTITLEMENTS = "Learning Charts/Learning Charts.entitlements";
				CODE_SIGN_STYLE = Automatic;
				CURRENT_PROJECT_VERSION = 1;
				DEVELOPMENT_ASSET_PATHS = "\"Learning Charts/Preview Content\"";
				ENABLE_PREVIEWS = YES;
				GENERATE_INFOPLIST_FILE = YES;
				INFOPLIST_FILE = "Learning Charts/Resources/Learning-Charts-Info.plist";
				INFOPLIST_KEY_NSHealthShareUsageDescription = "The apps shows your step and weight data in interactive chart";
				INFOPLIST_KEY_NSHealthUpdateUsageDescription = "The apps allows you to add step and weight data to Apple Health";
				INFOPLIST_KEY_UIApplicationSceneManifest_Generation = YES;
				INFOPLIST_KEY_UIApplicationSupportsIndirectInputEvents = YES;
				INFOPLIST_KEY_UILaunchScreen_Generation = YES;
				INFOPLIST_KEY_UISupportedInterfaceOrientations_iPad = "UIInterfaceOrientationPortrait UIInterfaceOrientationPortraitUpsideDown UIInterfaceOrientationLandscapeLeft UIInterfaceOrientationLandscapeRight";
				INFOPLIST_KEY_UISupportedInterfaceOrientations_iPhone = "UIInterfaceOrientationPortrait UIInterfaceOrientationLandscapeLeft UIInterfaceOrientationLandscapeRight";
				LD_RUNPATH_SEARCH_PATHS = (
					"$(inherited)",
					"@executable_path/Frameworks",
				);
				MARKETING_VERSION = 1.0;
				PRODUCT_BUNDLE_IDENTIFIER = "com.fullzoom.Learning-Charts";
				PRODUCT_NAME = "$(TARGET_NAME)";
				SWIFT_EMIT_LOC_STRINGS = YES;
				SWIFT_VERSION = 5.0;
				TARGETED_DEVICE_FAMILY = "1,2";
			};
			name = Release;
		};
/* End XCBuildConfiguration section */

/* Begin XCConfigurationList section */
		4012DA432BF2898E00532FB8 /* Build configuration list for PBXProject "Learning Charts" */ = {
			isa = XCConfigurationList;
			buildConfigurations = (
				4012DA542BF2898F00532FB8 /* Debug */,
				4012DA552BF2898F00532FB8 /* Release */,
			);
			defaultConfigurationIsVisible = 0;
			defaultConfigurationName = Release;
		};
		4012DA562BF2898F00532FB8 /* Build configuration list for PBXNativeTarget "Learning Charts" */ = {
			isa = XCConfigurationList;
			buildConfigurations = (
				4012DA572BF2898F00532FB8 /* Debug */,
				4012DA582BF2898F00532FB8 /* Release */,
			);
			defaultConfigurationIsVisible = 0;
			defaultConfigurationName = Release;
		};
/* End XCConfigurationList section */

/* Begin XCRemoteSwiftPackageReference section */
		40630C662C00D98B0052BBB9 /* XCRemoteSwiftPackageReference "swift-algorithms" */ = {
			isa = XCRemoteSwiftPackageReference;
			repositoryURL = "https://github.com/apple/swift-algorithms.git";
			requirement = {
				kind = upToNextMajorVersion;
				minimumVersion = 1.2.0;
			};
		};
/* End XCRemoteSwiftPackageReference section */

/* Begin XCSwiftPackageProductDependency section */
		40630C672C00D98B0052BBB9 /* Algorithms */ = {
			isa = XCSwiftPackageProductDependency;
			package = 40630C662C00D98B0052BBB9 /* XCRemoteSwiftPackageReference "swift-algorithms" */;
			productName = Algorithms;
		};
/* End XCSwiftPackageProductDependency section */
	};
	rootObject = 4012DA402BF2898E00532FB8 /* Project object */;
}
